// !$*UTF8*$!
{
	archiveVersion = 1;
	classes = {
	};
	objectVersion = 46;
	objects = {

/* Begin PBXBuildFile section */
		00E356F31AD99517003FC87E /* dvlabsTests.m in Sources */ = {isa = PBXBuildFile; fileRef = 00E356F21AD99517003FC87E /* dvlabsTests.m */; };
		13B07FBC1A68108700A75B9A /* AppDelegate.m in Sources */ = {isa = PBXBuildFile; fileRef = 13B07FB01A68108700A75B9A /* AppDelegate.m */; };
		13B07FBD1A68108700A75B9A /* LaunchScreen.xib in Resources */ = {isa = PBXBuildFile; fileRef = 13B07FB11A68108700A75B9A /* LaunchScreen.xib */; };
		13B07FBF1A68108700A75B9A /* Images.xcassets in Resources */ = {isa = PBXBuildFile; fileRef = 13B07FB51A68108700A75B9A /* Images.xcassets */; };
		13B07FC11A68108700A75B9A /* main.m in Sources */ = {isa = PBXBuildFile; fileRef = 13B07FB71A68108700A75B9A /* main.m */; };
		2D02E4BC1E0B4A80006451C7 /* AppDelegate.m in Sources */ = {isa = PBXBuildFile; fileRef = 13B07FB01A68108700A75B9A /* AppDelegate.m */; };
		2D02E4BD1E0B4A84006451C7 /* Images.xcassets in Resources */ = {isa = PBXBuildFile; fileRef = 13B07FB51A68108700A75B9A /* Images.xcassets */; };
		2D02E4BF1E0B4AB3006451C7 /* main.m in Sources */ = {isa = PBXBuildFile; fileRef = 13B07FB71A68108700A75B9A /* main.m */; };
		2DCD954D1E0B4F2C00145EB5 /* dvlabsTests.m in Sources */ = {isa = PBXBuildFile; fileRef = 00E356F21AD99517003FC87E /* dvlabsTests.m */; };
		57AFBA88310370053BD5FA00 /* libPods-dvlabs-tvOSTests.a in Frameworks */ = {isa = PBXBuildFile; fileRef = 9EA6409776C6EC0DD0184D84 /* libPods-dvlabs-tvOSTests.a */; };
		88C2F801BB876D502026A9D6 /* libPods-dvlabs-tvOS.a in Frameworks */ = {isa = PBXBuildFile; fileRef = E24BA7EABB98FC3E6D43605E /* libPods-dvlabs-tvOS.a */; };
		D583DA85048C560DC9CC83E3 /* libPods-dvlabs.a in Frameworks */ = {isa = PBXBuildFile; fileRef = 0685EB4E5C051F5C45CDC851 /* libPods-dvlabs.a */; };
		DE50E70024A1857F00012037 /* Fontisto.ttf in Resources */ = {isa = PBXBuildFile; fileRef = DE50E6F024A1857F00012037 /* Fontisto.ttf */; };
		DE50E70124A1857F00012037 /* Fontisto.ttf in Resources */ = {isa = PBXBuildFile; fileRef = DE50E6F024A1857F00012037 /* Fontisto.ttf */; };
		DE50E70224A1857F00012037 /* Fontisto.ttf in Resources */ = {isa = PBXBuildFile; fileRef = DE50E6F024A1857F00012037 /* Fontisto.ttf */; };
		DE50E70324A1857F00012037 /* Fontisto.ttf in Resources */ = {isa = PBXBuildFile; fileRef = DE50E6F024A1857F00012037 /* Fontisto.ttf */; };
		DE50E70424A1857F00012037 /* Octicons.ttf in Resources */ = {isa = PBXBuildFile; fileRef = DE50E6F124A1857F00012037 /* Octicons.ttf */; };
		DE50E70524A1857F00012037 /* Octicons.ttf in Resources */ = {isa = PBXBuildFile; fileRef = DE50E6F124A1857F00012037 /* Octicons.ttf */; };
		DE50E70624A1857F00012037 /* Octicons.ttf in Resources */ = {isa = PBXBuildFile; fileRef = DE50E6F124A1857F00012037 /* Octicons.ttf */; };
		DE50E70724A1857F00012037 /* Octicons.ttf in Resources */ = {isa = PBXBuildFile; fileRef = DE50E6F124A1857F00012037 /* Octicons.ttf */; };
		DE50E70824A1857F00012037 /* Feather.ttf in Resources */ = {isa = PBXBuildFile; fileRef = DE50E6F224A1857F00012037 /* Feather.ttf */; };
		DE50E70924A1857F00012037 /* Feather.ttf in Resources */ = {isa = PBXBuildFile; fileRef = DE50E6F224A1857F00012037 /* Feather.ttf */; };
		DE50E70A24A1857F00012037 /* Feather.ttf in Resources */ = {isa = PBXBuildFile; fileRef = DE50E6F224A1857F00012037 /* Feather.ttf */; };
		DE50E70B24A1857F00012037 /* Feather.ttf in Resources */ = {isa = PBXBuildFile; fileRef = DE50E6F224A1857F00012037 /* Feather.ttf */; };
		DE50E70C24A1857F00012037 /* Entypo.ttf in Resources */ = {isa = PBXBuildFile; fileRef = DE50E6F324A1857F00012037 /* Entypo.ttf */; };
		DE50E70D24A1857F00012037 /* Entypo.ttf in Resources */ = {isa = PBXBuildFile; fileRef = DE50E6F324A1857F00012037 /* Entypo.ttf */; };
		DE50E70E24A1857F00012037 /* Entypo.ttf in Resources */ = {isa = PBXBuildFile; fileRef = DE50E6F324A1857F00012037 /* Entypo.ttf */; };
		DE50E70F24A1857F00012037 /* Entypo.ttf in Resources */ = {isa = PBXBuildFile; fileRef = DE50E6F324A1857F00012037 /* Entypo.ttf */; };
		DE50E71024A1857F00012037 /* FontAwesome5_Brands.ttf in Resources */ = {isa = PBXBuildFile; fileRef = DE50E6F424A1857F00012037 /* FontAwesome5_Brands.ttf */; };
		DE50E71124A1857F00012037 /* FontAwesome5_Brands.ttf in Resources */ = {isa = PBXBuildFile; fileRef = DE50E6F424A1857F00012037 /* FontAwesome5_Brands.ttf */; };
		DE50E71224A1857F00012037 /* FontAwesome5_Brands.ttf in Resources */ = {isa = PBXBuildFile; fileRef = DE50E6F424A1857F00012037 /* FontAwesome5_Brands.ttf */; };
		DE50E71324A1857F00012037 /* FontAwesome5_Brands.ttf in Resources */ = {isa = PBXBuildFile; fileRef = DE50E6F424A1857F00012037 /* FontAwesome5_Brands.ttf */; };
		DE50E71424A1857F00012037 /* MaterialCommunityIcons.ttf in Resources */ = {isa = PBXBuildFile; fileRef = DE50E6F524A1857F00012037 /* MaterialCommunityIcons.ttf */; };
		DE50E71524A1857F00012037 /* MaterialCommunityIcons.ttf in Resources */ = {isa = PBXBuildFile; fileRef = DE50E6F524A1857F00012037 /* MaterialCommunityIcons.ttf */; };
		DE50E71624A1857F00012037 /* MaterialCommunityIcons.ttf in Resources */ = {isa = PBXBuildFile; fileRef = DE50E6F524A1857F00012037 /* MaterialCommunityIcons.ttf */; };
		DE50E71724A1858000012037 /* MaterialCommunityIcons.ttf in Resources */ = {isa = PBXBuildFile; fileRef = DE50E6F524A1857F00012037 /* MaterialCommunityIcons.ttf */; };
		DE50E71824A1858000012037 /* AntDesign.ttf in Resources */ = {isa = PBXBuildFile; fileRef = DE50E6F624A1857F00012037 /* AntDesign.ttf */; };
		DE50E71924A1858000012037 /* AntDesign.ttf in Resources */ = {isa = PBXBuildFile; fileRef = DE50E6F624A1857F00012037 /* AntDesign.ttf */; };
		DE50E71A24A1858000012037 /* AntDesign.ttf in Resources */ = {isa = PBXBuildFile; fileRef = DE50E6F624A1857F00012037 /* AntDesign.ttf */; };
		DE50E71B24A1858000012037 /* AntDesign.ttf in Resources */ = {isa = PBXBuildFile; fileRef = DE50E6F624A1857F00012037 /* AntDesign.ttf */; };
		DE50E71C24A1858000012037 /* Foundation.ttf in Resources */ = {isa = PBXBuildFile; fileRef = DE50E6F724A1857F00012037 /* Foundation.ttf */; };
		DE50E71D24A1858000012037 /* Foundation.ttf in Resources */ = {isa = PBXBuildFile; fileRef = DE50E6F724A1857F00012037 /* Foundation.ttf */; };
		DE50E71E24A1858000012037 /* Foundation.ttf in Resources */ = {isa = PBXBuildFile; fileRef = DE50E6F724A1857F00012037 /* Foundation.ttf */; };
		DE50E71F24A1858000012037 /* Foundation.ttf in Resources */ = {isa = PBXBuildFile; fileRef = DE50E6F724A1857F00012037 /* Foundation.ttf */; };
		DE50E72024A1858000012037 /* Ionicons.ttf in Resources */ = {isa = PBXBuildFile; fileRef = DE50E6F824A1857F00012037 /* Ionicons.ttf */; };
		DE50E72124A1858000012037 /* Ionicons.ttf in Resources */ = {isa = PBXBuildFile; fileRef = DE50E6F824A1857F00012037 /* Ionicons.ttf */; };
		DE50E72224A1858000012037 /* Ionicons.ttf in Resources */ = {isa = PBXBuildFile; fileRef = DE50E6F824A1857F00012037 /* Ionicons.ttf */; };
		DE50E72324A1858000012037 /* Ionicons.ttf in Resources */ = {isa = PBXBuildFile; fileRef = DE50E6F824A1857F00012037 /* Ionicons.ttf */; };
		DE50E72424A1858000012037 /* FontAwesome5_Solid.ttf in Resources */ = {isa = PBXBuildFile; fileRef = DE50E6F924A1857F00012037 /* FontAwesome5_Solid.ttf */; };
		DE50E72524A1858000012037 /* FontAwesome5_Solid.ttf in Resources */ = {isa = PBXBuildFile; fileRef = DE50E6F924A1857F00012037 /* FontAwesome5_Solid.ttf */; };
		DE50E72624A1858000012037 /* FontAwesome5_Solid.ttf in Resources */ = {isa = PBXBuildFile; fileRef = DE50E6F924A1857F00012037 /* FontAwesome5_Solid.ttf */; };
		DE50E72724A1858000012037 /* FontAwesome5_Solid.ttf in Resources */ = {isa = PBXBuildFile; fileRef = DE50E6F924A1857F00012037 /* FontAwesome5_Solid.ttf */; };
		DE50E72824A1858000012037 /* FontAwesome5_Regular.ttf in Resources */ = {isa = PBXBuildFile; fileRef = DE50E6FA24A1857F00012037 /* FontAwesome5_Regular.ttf */; };
		DE50E72924A1858000012037 /* FontAwesome5_Regular.ttf in Resources */ = {isa = PBXBuildFile; fileRef = DE50E6FA24A1857F00012037 /* FontAwesome5_Regular.ttf */; };
		DE50E72A24A1858000012037 /* FontAwesome5_Regular.ttf in Resources */ = {isa = PBXBuildFile; fileRef = DE50E6FA24A1857F00012037 /* FontAwesome5_Regular.ttf */; };
		DE50E72B24A1858000012037 /* FontAwesome5_Regular.ttf in Resources */ = {isa = PBXBuildFile; fileRef = DE50E6FA24A1857F00012037 /* FontAwesome5_Regular.ttf */; };
		DE50E72C24A1858000012037 /* FontAwesome.ttf in Resources */ = {isa = PBXBuildFile; fileRef = DE50E6FB24A1857F00012037 /* FontAwesome.ttf */; };
		DE50E72D24A1858000012037 /* FontAwesome.ttf in Resources */ = {isa = PBXBuildFile; fileRef = DE50E6FB24A1857F00012037 /* FontAwesome.ttf */; };
		DE50E72E24A1858000012037 /* FontAwesome.ttf in Resources */ = {isa = PBXBuildFile; fileRef = DE50E6FB24A1857F00012037 /* FontAwesome.ttf */; };
		DE50E72F24A1858000012037 /* FontAwesome.ttf in Resources */ = {isa = PBXBuildFile; fileRef = DE50E6FB24A1857F00012037 /* FontAwesome.ttf */; };
		DE50E73024A1858000012037 /* Zocial.ttf in Resources */ = {isa = PBXBuildFile; fileRef = DE50E6FC24A1857F00012037 /* Zocial.ttf */; };
		DE50E73124A1858000012037 /* Zocial.ttf in Resources */ = {isa = PBXBuildFile; fileRef = DE50E6FC24A1857F00012037 /* Zocial.ttf */; };
		DE50E73224A1858000012037 /* Zocial.ttf in Resources */ = {isa = PBXBuildFile; fileRef = DE50E6FC24A1857F00012037 /* Zocial.ttf */; };
		DE50E73324A1858000012037 /* Zocial.ttf in Resources */ = {isa = PBXBuildFile; fileRef = DE50E6FC24A1857F00012037 /* Zocial.ttf */; };
		DE50E73424A1858000012037 /* EvilIcons.ttf in Resources */ = {isa = PBXBuildFile; fileRef = DE50E6FD24A1857F00012037 /* EvilIcons.ttf */; };
		DE50E73524A1858000012037 /* EvilIcons.ttf in Resources */ = {isa = PBXBuildFile; fileRef = DE50E6FD24A1857F00012037 /* EvilIcons.ttf */; };
		DE50E73624A1858000012037 /* EvilIcons.ttf in Resources */ = {isa = PBXBuildFile; fileRef = DE50E6FD24A1857F00012037 /* EvilIcons.ttf */; };
		DE50E73724A1858000012037 /* EvilIcons.ttf in Resources */ = {isa = PBXBuildFile; fileRef = DE50E6FD24A1857F00012037 /* EvilIcons.ttf */; };
		DE50E73824A1858000012037 /* SimpleLineIcons.ttf in Resources */ = {isa = PBXBuildFile; fileRef = DE50E6FE24A1857F00012037 /* SimpleLineIcons.ttf */; };
		DE50E73924A1858000012037 /* SimpleLineIcons.ttf in Resources */ = {isa = PBXBuildFile; fileRef = DE50E6FE24A1857F00012037 /* SimpleLineIcons.ttf */; };
		DE50E73A24A1858000012037 /* SimpleLineIcons.ttf in Resources */ = {isa = PBXBuildFile; fileRef = DE50E6FE24A1857F00012037 /* SimpleLineIcons.ttf */; };
		DE50E73B24A1858000012037 /* SimpleLineIcons.ttf in Resources */ = {isa = PBXBuildFile; fileRef = DE50E6FE24A1857F00012037 /* SimpleLineIcons.ttf */; };
		DE50E73C24A1858000012037 /* MaterialIcons.ttf in Resources */ = {isa = PBXBuildFile; fileRef = DE50E6FF24A1857F00012037 /* MaterialIcons.ttf */; };
		DE50E73D24A1858000012037 /* MaterialIcons.ttf in Resources */ = {isa = PBXBuildFile; fileRef = DE50E6FF24A1857F00012037 /* MaterialIcons.ttf */; };
		DE50E73E24A1858000012037 /* MaterialIcons.ttf in Resources */ = {isa = PBXBuildFile; fileRef = DE50E6FF24A1857F00012037 /* MaterialIcons.ttf */; };
		DE50E73F24A1858000012037 /* MaterialIcons.ttf in Resources */ = {isa = PBXBuildFile; fileRef = DE50E6FF24A1857F00012037 /* MaterialIcons.ttf */; };
		EDC84279E126A646CCC1A495 /* libPods-dvlabs-dvlabsTests.a in Frameworks */ = {isa = PBXBuildFile; fileRef = B567DCAC5D351AD683D30E45 /* libPods-dvlabs-dvlabsTests.a */; };
/* End PBXBuildFile section */

/* Begin PBXContainerItemProxy section */
		00E356F41AD99517003FC87E /* PBXContainerItemProxy */ = {
			isa = PBXContainerItemProxy;
			containerPortal = 83CBB9F71A601CBA00E9B192 /* Project object */;
			proxyType = 1;
			remoteGlobalIDString = 13B07F861A680F5B00A75B9A;
			remoteInfo = dvlabs;
		};
		2D02E4911E0B4A5D006451C7 /* PBXContainerItemProxy */ = {
			isa = PBXContainerItemProxy;
			containerPortal = 83CBB9F71A601CBA00E9B192 /* Project object */;
			proxyType = 1;
			remoteGlobalIDString = 2D02E47A1E0B4A5D006451C7;
			remoteInfo = "dvlabs-tvOS";
		};
/* End PBXContainerItemProxy section */

/* Begin PBXFileReference section */
		008F07F21AC5B25A0029DE68 /* main.jsbundle */ = {isa = PBXFileReference; fileEncoding = 4; lastKnownFileType = text; path = main.jsbundle; sourceTree = "<group>"; };
		00E356EE1AD99517003FC87E /* dvlabsTests.xctest */ = {isa = PBXFileReference; explicitFileType = wrapper.cfbundle; includeInIndex = 0; path = dvlabsTests.xctest; sourceTree = BUILT_PRODUCTS_DIR; };
		00E356F11AD99517003FC87E /* Info.plist */ = {isa = PBXFileReference; lastKnownFileType = text.plist.xml; path = Info.plist; sourceTree = "<group>"; };
		00E356F21AD99517003FC87E /* dvlabsTests.m */ = {isa = PBXFileReference; lastKnownFileType = sourcecode.c.objc; path = dvlabsTests.m; sourceTree = "<group>"; };
		0685EB4E5C051F5C45CDC851 /* libPods-dvlabs.a */ = {isa = PBXFileReference; explicitFileType = archive.ar; includeInIndex = 0; path = "libPods-dvlabs.a"; sourceTree = BUILT_PRODUCTS_DIR; };
		13B07F961A680F5B00A75B9A /* dvlabs.app */ = {isa = PBXFileReference; explicitFileType = wrapper.application; includeInIndex = 0; path = dvlabs.app; sourceTree = BUILT_PRODUCTS_DIR; };
		13B07FAF1A68108700A75B9A /* AppDelegate.h */ = {isa = PBXFileReference; fileEncoding = 4; lastKnownFileType = sourcecode.c.h; name = AppDelegate.h; path = dvlabs/AppDelegate.h; sourceTree = "<group>"; };
		13B07FB01A68108700A75B9A /* AppDelegate.m */ = {isa = PBXFileReference; fileEncoding = 4; lastKnownFileType = sourcecode.c.objc; name = AppDelegate.m; path = dvlabs/AppDelegate.m; sourceTree = "<group>"; };
		13B07FB21A68108700A75B9A /* Base */ = {isa = PBXFileReference; lastKnownFileType = file.xib; name = Base; path = Base.lproj/LaunchScreen.xib; sourceTree = "<group>"; };
		13B07FB51A68108700A75B9A /* Images.xcassets */ = {isa = PBXFileReference; lastKnownFileType = folder.assetcatalog; name = Images.xcassets; path = dvlabs/Images.xcassets; sourceTree = "<group>"; };
		13B07FB61A68108700A75B9A /* Info.plist */ = {isa = PBXFileReference; fileEncoding = 4; lastKnownFileType = text.plist.xml; name = Info.plist; path = dvlabs/Info.plist; sourceTree = "<group>"; };
		13B07FB71A68108700A75B9A /* main.m */ = {isa = PBXFileReference; fileEncoding = 4; lastKnownFileType = sourcecode.c.objc; name = main.m; path = dvlabs/main.m; sourceTree = "<group>"; };
		2D02E47B1E0B4A5D006451C7 /* dvlabs-tvOS.app */ = {isa = PBXFileReference; explicitFileType = wrapper.application; includeInIndex = 0; path = "dvlabs-tvOS.app"; sourceTree = BUILT_PRODUCTS_DIR; };
		2D02E4901E0B4A5D006451C7 /* dvlabs-tvOSTests.xctest */ = {isa = PBXFileReference; explicitFileType = wrapper.cfbundle; includeInIndex = 0; path = "dvlabs-tvOSTests.xctest"; sourceTree = BUILT_PRODUCTS_DIR; };
		39B7A271BB64B41366674D23 /* Pods-dvlabs-tvOSTests.release.xcconfig */ = {isa = PBXFileReference; includeInIndex = 1; lastKnownFileType = text.xcconfig; name = "Pods-dvlabs-tvOSTests.release.xcconfig"; path = "Target Support Files/Pods-dvlabs-tvOSTests/Pods-dvlabs-tvOSTests.release.xcconfig"; sourceTree = "<group>"; };
		43004F131EB35B43F98FFAE9 /* Pods-dvlabs-dvlabsTests.debug.xcconfig */ = {isa = PBXFileReference; includeInIndex = 1; lastKnownFileType = text.xcconfig; name = "Pods-dvlabs-dvlabsTests.debug.xcconfig"; path = "Target Support Files/Pods-dvlabs-dvlabsTests/Pods-dvlabs-dvlabsTests.debug.xcconfig"; sourceTree = "<group>"; };
		6C2F036AD4C2B73CA02E42B3 /* Pods-dvlabs.debug.xcconfig */ = {isa = PBXFileReference; includeInIndex = 1; lastKnownFileType = text.xcconfig; name = "Pods-dvlabs.debug.xcconfig"; path = "Target Support Files/Pods-dvlabs/Pods-dvlabs.debug.xcconfig"; sourceTree = "<group>"; };
		6F449050505B1495338892A6 /* Pods-dvlabs-tvOS.release.xcconfig */ = {isa = PBXFileReference; includeInIndex = 1; lastKnownFileType = text.xcconfig; name = "Pods-dvlabs-tvOS.release.xcconfig"; path = "Target Support Files/Pods-dvlabs-tvOS/Pods-dvlabs-tvOS.release.xcconfig"; sourceTree = "<group>"; };
		7A5FA25C504B01176017CFA4 /* Pods-dvlabs-tvOSTests.debug.xcconfig */ = {isa = PBXFileReference; includeInIndex = 1; lastKnownFileType = text.xcconfig; name = "Pods-dvlabs-tvOSTests.debug.xcconfig"; path = "Target Support Files/Pods-dvlabs-tvOSTests/Pods-dvlabs-tvOSTests.debug.xcconfig"; sourceTree = "<group>"; };
		9EA6409776C6EC0DD0184D84 /* libPods-dvlabs-tvOSTests.a */ = {isa = PBXFileReference; explicitFileType = archive.ar; includeInIndex = 0; path = "libPods-dvlabs-tvOSTests.a"; sourceTree = BUILT_PRODUCTS_DIR; };
		B27E55F16CCA16A60AA4E2A1 /* Pods-dvlabs-dvlabsTests.release.xcconfig */ = {isa = PBXFileReference; includeInIndex = 1; lastKnownFileType = text.xcconfig; name = "Pods-dvlabs-dvlabsTests.release.xcconfig"; path = "Target Support Files/Pods-dvlabs-dvlabsTests/Pods-dvlabs-dvlabsTests.release.xcconfig"; sourceTree = "<group>"; };
		B567DCAC5D351AD683D30E45 /* libPods-dvlabs-dvlabsTests.a */ = {isa = PBXFileReference; explicitFileType = archive.ar; includeInIndex = 0; path = "libPods-dvlabs-dvlabsTests.a"; sourceTree = BUILT_PRODUCTS_DIR; };
		CA2EE50BA541A8391E3E009A /* Pods-dvlabs-tvOS.debug.xcconfig */ = {isa = PBXFileReference; includeInIndex = 1; lastKnownFileType = text.xcconfig; name = "Pods-dvlabs-tvOS.debug.xcconfig"; path = "Target Support Files/Pods-dvlabs-tvOS/Pods-dvlabs-tvOS.debug.xcconfig"; sourceTree = "<group>"; };
		DE50E6F024A1857F00012037 /* Fontisto.ttf */ = {isa = PBXFileReference; lastKnownFileType = file; path = Fontisto.ttf; sourceTree = "<group>"; };
		DE50E6F124A1857F00012037 /* Octicons.ttf */ = {isa = PBXFileReference; lastKnownFileType = file; path = Octicons.ttf; sourceTree = "<group>"; };
		DE50E6F224A1857F00012037 /* Feather.ttf */ = {isa = PBXFileReference; lastKnownFileType = file; path = Feather.ttf; sourceTree = "<group>"; };
		DE50E6F324A1857F00012037 /* Entypo.ttf */ = {isa = PBXFileReference; lastKnownFileType = file; path = Entypo.ttf; sourceTree = "<group>"; };
		DE50E6F424A1857F00012037 /* FontAwesome5_Brands.ttf */ = {isa = PBXFileReference; lastKnownFileType = file; path = FontAwesome5_Brands.ttf; sourceTree = "<group>"; };
		DE50E6F524A1857F00012037 /* MaterialCommunityIcons.ttf */ = {isa = PBXFileReference; lastKnownFileType = file; path = MaterialCommunityIcons.ttf; sourceTree = "<group>"; };
		DE50E6F624A1857F00012037 /* AntDesign.ttf */ = {isa = PBXFileReference; lastKnownFileType = file; path = AntDesign.ttf; sourceTree = "<group>"; };
		DE50E6F724A1857F00012037 /* Foundation.ttf */ = {isa = PBXFileReference; lastKnownFileType = file; path = Foundation.ttf; sourceTree = "<group>"; };
		DE50E6F824A1857F00012037 /* Ionicons.ttf */ = {isa = PBXFileReference; lastKnownFileType = file; path = Ionicons.ttf; sourceTree = "<group>"; };
		DE50E6F924A1857F00012037 /* FontAwesome5_Solid.ttf */ = {isa = PBXFileReference; lastKnownFileType = file; path = FontAwesome5_Solid.ttf; sourceTree = "<group>"; };
		DE50E6FA24A1857F00012037 /* FontAwesome5_Regular.ttf */ = {isa = PBXFileReference; lastKnownFileType = file; path = FontAwesome5_Regular.ttf; sourceTree = "<group>"; };
		DE50E6FB24A1857F00012037 /* FontAwesome.ttf */ = {isa = PBXFileReference; lastKnownFileType = file; path = FontAwesome.ttf; sourceTree = "<group>"; };
		DE50E6FC24A1857F00012037 /* Zocial.ttf */ = {isa = PBXFileReference; lastKnownFileType = file; path = Zocial.ttf; sourceTree = "<group>"; };
		DE50E6FD24A1857F00012037 /* EvilIcons.ttf */ = {isa = PBXFileReference; lastKnownFileType = file; path = EvilIcons.ttf; sourceTree = "<group>"; };
		DE50E6FE24A1857F00012037 /* SimpleLineIcons.ttf */ = {isa = PBXFileReference; lastKnownFileType = file; path = SimpleLineIcons.ttf; sourceTree = "<group>"; };
		DE50E6FF24A1857F00012037 /* MaterialIcons.ttf */ = {isa = PBXFileReference; lastKnownFileType = file; path = MaterialIcons.ttf; sourceTree = "<group>"; };
		E069C409260D7F3841C37F87 /* Pods-dvlabs.release.xcconfig */ = {isa = PBXFileReference; includeInIndex = 1; lastKnownFileType = text.xcconfig; name = "Pods-dvlabs.release.xcconfig"; path = "Target Support Files/Pods-dvlabs/Pods-dvlabs.release.xcconfig"; sourceTree = "<group>"; };
		E24BA7EABB98FC3E6D43605E /* libPods-dvlabs-tvOS.a */ = {isa = PBXFileReference; explicitFileType = archive.ar; includeInIndex = 0; path = "libPods-dvlabs-tvOS.a"; sourceTree = BUILT_PRODUCTS_DIR; };
		ED297162215061F000B7C4FE /* JavaScriptCore.framework */ = {isa = PBXFileReference; lastKnownFileType = wrapper.framework; name = JavaScriptCore.framework; path = System/Library/Frameworks/JavaScriptCore.framework; sourceTree = SDKROOT; };
		ED2971642150620600B7C4FE /* JavaScriptCore.framework */ = {isa = PBXFileReference; lastKnownFileType = wrapper.framework; name = JavaScriptCore.framework; path = Platforms/AppleTVOS.platform/Developer/SDKs/AppleTVOS12.0.sdk/System/Library/Frameworks/JavaScriptCore.framework; sourceTree = DEVELOPER_DIR; };
/* End PBXFileReference section */

/* Begin PBXFrameworksBuildPhase section */
		00E356EB1AD99517003FC87E /* Frameworks */ = {
			isa = PBXFrameworksBuildPhase;
			buildActionMask = 2147483647;
			files = (
				EDC84279E126A646CCC1A495 /* libPods-dvlabs-dvlabsTests.a in Frameworks */,
			);
			runOnlyForDeploymentPostprocessing = 0;
		};
		13B07F8C1A680F5B00A75B9A /* Frameworks */ = {
			isa = PBXFrameworksBuildPhase;
			buildActionMask = 2147483647;
			files = (
				D583DA85048C560DC9CC83E3 /* libPods-dvlabs.a in Frameworks */,
			);
			runOnlyForDeploymentPostprocessing = 0;
		};
		2D02E4781E0B4A5D006451C7 /* Frameworks */ = {
			isa = PBXFrameworksBuildPhase;
			buildActionMask = 2147483647;
			files = (
				88C2F801BB876D502026A9D6 /* libPods-dvlabs-tvOS.a in Frameworks */,
			);
			runOnlyForDeploymentPostprocessing = 0;
		};
		2D02E48D1E0B4A5D006451C7 /* Frameworks */ = {
			isa = PBXFrameworksBuildPhase;
			buildActionMask = 2147483647;
			files = (
				57AFBA88310370053BD5FA00 /* libPods-dvlabs-tvOSTests.a in Frameworks */,
			);
			runOnlyForDeploymentPostprocessing = 0;
		};
/* End PBXFrameworksBuildPhase section */

/* Begin PBXGroup section */
		00E356EF1AD99517003FC87E /* dvlabsTests */ = {
			isa = PBXGroup;
			children = (
				00E356F21AD99517003FC87E /* dvlabsTests.m */,
				00E356F01AD99517003FC87E /* Supporting Files */,
			);
			path = dvlabsTests;
			sourceTree = "<group>";
		};
		00E356F01AD99517003FC87E /* Supporting Files */ = {
			isa = PBXGroup;
			children = (
				00E356F11AD99517003FC87E /* Info.plist */,
			);
			name = "Supporting Files";
			sourceTree = "<group>";
		};
		13B07FAE1A68108700A75B9A /* dvlabs */ = {
			isa = PBXGroup;
			children = (
				008F07F21AC5B25A0029DE68 /* main.jsbundle */,
				13B07FAF1A68108700A75B9A /* AppDelegate.h */,
				13B07FB01A68108700A75B9A /* AppDelegate.m */,
				13B07FB51A68108700A75B9A /* Images.xcassets */,
				13B07FB61A68108700A75B9A /* Info.plist */,
				13B07FB11A68108700A75B9A /* LaunchScreen.xib */,
				13B07FB71A68108700A75B9A /* main.m */,
			);
			name = dvlabs;
			sourceTree = "<group>";
		};
		2D16E6871FA4F8E400B85C8A /* Frameworks */ = {
			isa = PBXGroup;
			children = (
				ED297162215061F000B7C4FE /* JavaScriptCore.framework */,
				ED2971642150620600B7C4FE /* JavaScriptCore.framework */,
				0685EB4E5C051F5C45CDC851 /* libPods-dvlabs.a */,
				B567DCAC5D351AD683D30E45 /* libPods-dvlabs-dvlabsTests.a */,
				E24BA7EABB98FC3E6D43605E /* libPods-dvlabs-tvOS.a */,
				9EA6409776C6EC0DD0184D84 /* libPods-dvlabs-tvOSTests.a */,
			);
			name = Frameworks;
			sourceTree = "<group>";
		};
		7F7FCF04AEADC8F3E7985658 /* Pods */ = {
			isa = PBXGroup;
			children = (
				6C2F036AD4C2B73CA02E42B3 /* Pods-dvlabs.debug.xcconfig */,
				E069C409260D7F3841C37F87 /* Pods-dvlabs.release.xcconfig */,
				43004F131EB35B43F98FFAE9 /* Pods-dvlabs-dvlabsTests.debug.xcconfig */,
				B27E55F16CCA16A60AA4E2A1 /* Pods-dvlabs-dvlabsTests.release.xcconfig */,
				CA2EE50BA541A8391E3E009A /* Pods-dvlabs-tvOS.debug.xcconfig */,
				6F449050505B1495338892A6 /* Pods-dvlabs-tvOS.release.xcconfig */,
				7A5FA25C504B01176017CFA4 /* Pods-dvlabs-tvOSTests.debug.xcconfig */,
				39B7A271BB64B41366674D23 /* Pods-dvlabs-tvOSTests.release.xcconfig */,
			);
			path = Pods;
			sourceTree = "<group>";
		};
		832341AE1AAA6A7D00B99B32 /* Libraries */ = {
			isa = PBXGroup;
			children = (
			);
			name = Libraries;
			sourceTree = "<group>";
		};
		83CBB9F61A601CBA00E9B192 = {
			isa = PBXGroup;
			children = (
				DE50E6EF24A1857F00012037 /* Fonts */,
				13B07FAE1A68108700A75B9A /* dvlabs */,
				832341AE1AAA6A7D00B99B32 /* Libraries */,
				00E356EF1AD99517003FC87E /* dvlabsTests */,
				83CBBA001A601CBA00E9B192 /* Products */,
				2D16E6871FA4F8E400B85C8A /* Frameworks */,
				7F7FCF04AEADC8F3E7985658 /* Pods */,
			);
			indentWidth = 2;
			sourceTree = "<group>";
			tabWidth = 2;
			usesTabs = 0;
		};
		83CBBA001A601CBA00E9B192 /* Products */ = {
			isa = PBXGroup;
			children = (
				13B07F961A680F5B00A75B9A /* dvlabs.app */,
				00E356EE1AD99517003FC87E /* dvlabsTests.xctest */,
				2D02E47B1E0B4A5D006451C7 /* dvlabs-tvOS.app */,
				2D02E4901E0B4A5D006451C7 /* dvlabs-tvOSTests.xctest */,
			);
			name = Products;
			sourceTree = "<group>";
		};
		DE50E6EF24A1857F00012037 /* Fonts */ = {
			isa = PBXGroup;
			children = (
				DE50E6F024A1857F00012037 /* Fontisto.ttf */,
				DE50E6F124A1857F00012037 /* Octicons.ttf */,
				DE50E6F224A1857F00012037 /* Feather.ttf */,
				DE50E6F324A1857F00012037 /* Entypo.ttf */,
				DE50E6F424A1857F00012037 /* FontAwesome5_Brands.ttf */,
				DE50E6F524A1857F00012037 /* MaterialCommunityIcons.ttf */,
				DE50E6F624A1857F00012037 /* AntDesign.ttf */,
				DE50E6F724A1857F00012037 /* Foundation.ttf */,
				DE50E6F824A1857F00012037 /* Ionicons.ttf */,
				DE50E6F924A1857F00012037 /* FontAwesome5_Solid.ttf */,
				DE50E6FA24A1857F00012037 /* FontAwesome5_Regular.ttf */,
				DE50E6FB24A1857F00012037 /* FontAwesome.ttf */,
				DE50E6FC24A1857F00012037 /* Zocial.ttf */,
				DE50E6FD24A1857F00012037 /* EvilIcons.ttf */,
				DE50E6FE24A1857F00012037 /* SimpleLineIcons.ttf */,
				DE50E6FF24A1857F00012037 /* MaterialIcons.ttf */,
			);
			name = Fonts;
			path = "../node_modules/react-native-vector-icons/Fonts";
			sourceTree = "<group>";
		};
/* End PBXGroup section */

/* Begin PBXNativeTarget section */
		00E356ED1AD99517003FC87E /* dvlabsTests */ = {
			isa = PBXNativeTarget;
			buildConfigurationList = 00E357021AD99517003FC87E /* Build configuration list for PBXNativeTarget "dvlabsTests" */;
			buildPhases = (
				A0FBD7F3911825044177F90E /* [CP] Check Pods Manifest.lock */,
				00E356EA1AD99517003FC87E /* Sources */,
				00E356EB1AD99517003FC87E /* Frameworks */,
				00E356EC1AD99517003FC87E /* Resources */,
				EC21EFE3783DE9B9116BA5F6 /* [CP] Copy Pods Resources */,
			);
			buildRules = (
			);
			dependencies = (
				00E356F51AD99517003FC87E /* PBXTargetDependency */,
			);
			name = dvlabsTests;
			productName = dvlabsTests;
			productReference = 00E356EE1AD99517003FC87E /* dvlabsTests.xctest */;
			productType = "com.apple.product-type.bundle.unit-test";
		};
		13B07F861A680F5B00A75B9A /* dvlabs */ = {
			isa = PBXNativeTarget;
			buildConfigurationList = 13B07F931A680F5B00A75B9A /* Build configuration list for PBXNativeTarget "dvlabs" */;
			buildPhases = (
				552CD1FA58FC36BC3AFAF18C /* [CP] Check Pods Manifest.lock */,
				FD10A7F022414F080027D42C /* Start Packager */,
				13B07F871A680F5B00A75B9A /* Sources */,
				13B07F8C1A680F5B00A75B9A /* Frameworks */,
				13B07F8E1A680F5B00A75B9A /* Resources */,
				00DD1BFF1BD5951E006B06BC /* Bundle React Native code and images */,
				1D126038876A319E89ED162E /* [CP] Copy Pods Resources */,
			);
			buildRules = (
			);
			dependencies = (
			);
			name = dvlabs;
			productName = dvlabs;
			productReference = 13B07F961A680F5B00A75B9A /* dvlabs.app */;
			productType = "com.apple.product-type.application";
		};
		2D02E47A1E0B4A5D006451C7 /* dvlabs-tvOS */ = {
			isa = PBXNativeTarget;
			buildConfigurationList = 2D02E4BA1E0B4A5E006451C7 /* Build configuration list for PBXNativeTarget "dvlabs-tvOS" */;
			buildPhases = (
				582B5C90C9F248B4021D4E21 /* [CP] Check Pods Manifest.lock */,
				FD10A7F122414F3F0027D42C /* Start Packager */,
				2D02E4771E0B4A5D006451C7 /* Sources */,
				2D02E4781E0B4A5D006451C7 /* Frameworks */,
				2D02E4791E0B4A5D006451C7 /* Resources */,
				2D02E4CB1E0B4B27006451C7 /* Bundle React Native Code And Images */,
			);
			buildRules = (
			);
			dependencies = (
			);
			name = "dvlabs-tvOS";
			productName = "dvlabs-tvOS";
			productReference = 2D02E47B1E0B4A5D006451C7 /* dvlabs-tvOS.app */;
			productType = "com.apple.product-type.application";
		};
		2D02E48F1E0B4A5D006451C7 /* dvlabs-tvOSTests */ = {
			isa = PBXNativeTarget;
			buildConfigurationList = 2D02E4BB1E0B4A5E006451C7 /* Build configuration list for PBXNativeTarget "dvlabs-tvOSTests" */;
			buildPhases = (
				397A65F4D6C641E5F02C465D /* [CP] Check Pods Manifest.lock */,
				2D02E48C1E0B4A5D006451C7 /* Sources */,
				2D02E48D1E0B4A5D006451C7 /* Frameworks */,
				2D02E48E1E0B4A5D006451C7 /* Resources */,
			);
			buildRules = (
			);
			dependencies = (
				2D02E4921E0B4A5D006451C7 /* PBXTargetDependency */,
			);
			name = "dvlabs-tvOSTests";
			productName = "dvlabs-tvOSTests";
			productReference = 2D02E4901E0B4A5D006451C7 /* dvlabs-tvOSTests.xctest */;
			productType = "com.apple.product-type.bundle.unit-test";
		};
/* End PBXNativeTarget section */

/* Begin PBXProject section */
		83CBB9F71A601CBA00E9B192 /* Project object */ = {
			isa = PBXProject;
			attributes = {
				LastUpgradeCheck = 1130;
				TargetAttributes = {
					00E356ED1AD99517003FC87E = {
						CreatedOnToolsVersion = 6.2;
						TestTargetID = 13B07F861A680F5B00A75B9A;
					};
					13B07F861A680F5B00A75B9A = {
						LastSwiftMigration = 1120;
					};
					2D02E47A1E0B4A5D006451C7 = {
						CreatedOnToolsVersion = 8.2.1;
						ProvisioningStyle = Automatic;
					};
					2D02E48F1E0B4A5D006451C7 = {
						CreatedOnToolsVersion = 8.2.1;
						ProvisioningStyle = Automatic;
						TestTargetID = 2D02E47A1E0B4A5D006451C7;
					};
				};
			};
			buildConfigurationList = 83CBB9FA1A601CBA00E9B192 /* Build configuration list for PBXProject "dvlabs" */;
			compatibilityVersion = "Xcode 3.2";
			developmentRegion = en;
			hasScannedForEncodings = 0;
			knownRegions = (
				en,
				Base,
			);
			mainGroup = 83CBB9F61A601CBA00E9B192;
			productRefGroup = 83CBBA001A601CBA00E9B192 /* Products */;
			projectDirPath = "";
			projectRoot = "";
			targets = (
				13B07F861A680F5B00A75B9A /* dvlabs */,
				00E356ED1AD99517003FC87E /* dvlabsTests */,
				2D02E47A1E0B4A5D006451C7 /* dvlabs-tvOS */,
				2D02E48F1E0B4A5D006451C7 /* dvlabs-tvOSTests */,
			);
		};
/* End PBXProject section */

/* Begin PBXResourcesBuildPhase section */
		00E356EC1AD99517003FC87E /* Resources */ = {
			isa = PBXResourcesBuildPhase;
			buildActionMask = 2147483647;
			files = (
				DE50E70524A1857F00012037 /* Octicons.ttf in Resources */,
				DE50E71D24A1858000012037 /* Foundation.ttf in Resources */,
				DE50E73924A1858000012037 /* SimpleLineIcons.ttf in Resources */,
				DE50E72124A1858000012037 /* Ionicons.ttf in Resources */,
				DE50E73524A1858000012037 /* EvilIcons.ttf in Resources */,
				DE50E72924A1858000012037 /* FontAwesome5_Regular.ttf in Resources */,
				DE50E73124A1858000012037 /* Zocial.ttf in Resources */,
				DE50E70D24A1857F00012037 /* Entypo.ttf in Resources */,
				DE50E73D24A1858000012037 /* MaterialIcons.ttf in Resources */,
				DE50E71924A1858000012037 /* AntDesign.ttf in Resources */,
				DE50E72524A1858000012037 /* FontAwesome5_Solid.ttf in Resources */,
				DE50E70124A1857F00012037 /* Fontisto.ttf in Resources */,
				DE50E70924A1857F00012037 /* Feather.ttf in Resources */,
				DE50E71524A1857F00012037 /* MaterialCommunityIcons.ttf in Resources */,
				DE50E71124A1857F00012037 /* FontAwesome5_Brands.ttf in Resources */,
				DE50E72D24A1858000012037 /* FontAwesome.ttf in Resources */,
			);
			runOnlyForDeploymentPostprocessing = 0;
		};
		13B07F8E1A680F5B00A75B9A /* Resources */ = {
			isa = PBXResourcesBuildPhase;
			buildActionMask = 2147483647;
			files = (
				DE50E70024A1857F00012037 /* Fontisto.ttf in Resources */,
				DE50E72C24A1858000012037 /* FontAwesome.ttf in Resources */,
				DE50E71C24A1858000012037 /* Foundation.ttf in Resources */,
				DE50E72824A1858000012037 /* FontAwesome5_Regular.ttf in Resources */,
				DE50E72024A1858000012037 /* Ionicons.ttf in Resources */,
				DE50E73424A1858000012037 /* EvilIcons.ttf in Resources */,
				DE50E70C24A1857F00012037 /* Entypo.ttf in Resources */,
				13B07FBF1A68108700A75B9A /* Images.xcassets in Resources */,
				DE50E73024A1858000012037 /* Zocial.ttf in Resources */,
				DE50E73824A1858000012037 /* SimpleLineIcons.ttf in Resources */,
				DE50E70824A1857F00012037 /* Feather.ttf in Resources */,
				DE50E70424A1857F00012037 /* Octicons.ttf in Resources */,
				DE50E71024A1857F00012037 /* FontAwesome5_Brands.ttf in Resources */,
				DE50E71824A1858000012037 /* AntDesign.ttf in Resources */,
				DE50E73C24A1858000012037 /* MaterialIcons.ttf in Resources */,
				DE50E72424A1858000012037 /* FontAwesome5_Solid.ttf in Resources */,
				DE50E71424A1857F00012037 /* MaterialCommunityIcons.ttf in Resources */,
				13B07FBD1A68108700A75B9A /* LaunchScreen.xib in Resources */,
			);
			runOnlyForDeploymentPostprocessing = 0;
		};
		2D02E4791E0B4A5D006451C7 /* Resources */ = {
			isa = PBXResourcesBuildPhase;
			buildActionMask = 2147483647;
			files = (
				DE50E72224A1858000012037 /* Ionicons.ttf in Resources */,
				DE50E72E24A1858000012037 /* FontAwesome.ttf in Resources */,
				DE50E70224A1857F00012037 /* Fontisto.ttf in Resources */,
				DE50E71624A1857F00012037 /* MaterialCommunityIcons.ttf in Resources */,
				DE50E70624A1857F00012037 /* Octicons.ttf in Resources */,
				DE50E71E24A1858000012037 /* Foundation.ttf in Resources */,
				DE50E73224A1858000012037 /* Zocial.ttf in Resources */,
				DE50E70A24A1857F00012037 /* Feather.ttf in Resources */,
				DE50E72A24A1858000012037 /* FontAwesome5_Regular.ttf in Resources */,
				DE50E71224A1857F00012037 /* FontAwesome5_Brands.ttf in Resources */,
				DE50E70E24A1857F00012037 /* Entypo.ttf in Resources */,
				DE50E73E24A1858000012037 /* MaterialIcons.ttf in Resources */,
				DE50E71A24A1858000012037 /* AntDesign.ttf in Resources */,
				DE50E72624A1858000012037 /* FontAwesome5_Solid.ttf in Resources */,
				DE50E73A24A1858000012037 /* SimpleLineIcons.ttf in Resources */,
				DE50E73624A1858000012037 /* EvilIcons.ttf in Resources */,
				2D02E4BD1E0B4A84006451C7 /* Images.xcassets in Resources */,
			);
			runOnlyForDeploymentPostprocessing = 0;
		};
		2D02E48E1E0B4A5D006451C7 /* Resources */ = {
			isa = PBXResourcesBuildPhase;
			buildActionMask = 2147483647;
			files = (
				DE50E70724A1857F00012037 /* Octicons.ttf in Resources */,
				DE50E71F24A1858000012037 /* Foundation.ttf in Resources */,
				DE50E73B24A1858000012037 /* SimpleLineIcons.ttf in Resources */,
				DE50E72324A1858000012037 /* Ionicons.ttf in Resources */,
				DE50E73724A1858000012037 /* EvilIcons.ttf in Resources */,
				DE50E72B24A1858000012037 /* FontAwesome5_Regular.ttf in Resources */,
				DE50E73324A1858000012037 /* Zocial.ttf in Resources */,
				DE50E70F24A1857F00012037 /* Entypo.ttf in Resources */,
				DE50E73F24A1858000012037 /* MaterialIcons.ttf in Resources */,
				DE50E71B24A1858000012037 /* AntDesign.ttf in Resources */,
				DE50E72724A1858000012037 /* FontAwesome5_Solid.ttf in Resources */,
				DE50E70324A1857F00012037 /* Fontisto.ttf in Resources */,
				DE50E70B24A1857F00012037 /* Feather.ttf in Resources */,
				DE50E71724A1858000012037 /* MaterialCommunityIcons.ttf in Resources */,
				DE50E71324A1857F00012037 /* FontAwesome5_Brands.ttf in Resources */,
				DE50E72F24A1858000012037 /* FontAwesome.ttf in Resources */,
			);
			runOnlyForDeploymentPostprocessing = 0;
		};
/* End PBXResourcesBuildPhase section */

/* Begin PBXShellScriptBuildPhase section */
		00DD1BFF1BD5951E006B06BC /* Bundle React Native code and images */ = {
			isa = PBXShellScriptBuildPhase;
			buildActionMask = 2147483647;
			files = (
			);
			inputPaths = (
			);
			name = "Bundle React Native code and images";
			outputPaths = (
			);
			runOnlyForDeploymentPostprocessing = 0;
			shellPath = /bin/sh;
			shellScript = "export NODE_BINARY=node\n../node_modules/react-native/scripts/react-native-xcode.sh";
		};
		1D126038876A319E89ED162E /* [CP] Copy Pods Resources */ = {
			isa = PBXShellScriptBuildPhase;
			buildActionMask = 2147483647;
			files = (
			);
			inputPaths = (
				"${PODS_ROOT}/Target Support Files/Pods-dvlabs/Pods-dvlabs-resources.sh",
				"${PODS_ROOT}/../../node_modules/react-native-vector-icons/Fonts/AntDesign.ttf",
				"${PODS_ROOT}/../../node_modules/react-native-vector-icons/Fonts/Entypo.ttf",
				"${PODS_ROOT}/../../node_modules/react-native-vector-icons/Fonts/EvilIcons.ttf",
				"${PODS_ROOT}/../../node_modules/react-native-vector-icons/Fonts/Feather.ttf",
				"${PODS_ROOT}/../../node_modules/react-native-vector-icons/Fonts/FontAwesome.ttf",
				"${PODS_ROOT}/../../node_modules/react-native-vector-icons/Fonts/FontAwesome5_Brands.ttf",
				"${PODS_ROOT}/../../node_modules/react-native-vector-icons/Fonts/FontAwesome5_Regular.ttf",
				"${PODS_ROOT}/../../node_modules/react-native-vector-icons/Fonts/FontAwesome5_Solid.ttf",
				"${PODS_ROOT}/../../node_modules/react-native-vector-icons/Fonts/Fontisto.ttf",
				"${PODS_ROOT}/../../node_modules/react-native-vector-icons/Fonts/Foundation.ttf",
				"${PODS_ROOT}/../../node_modules/react-native-vector-icons/Fonts/Ionicons.ttf",
				"${PODS_ROOT}/../../node_modules/react-native-vector-icons/Fonts/MaterialCommunityIcons.ttf",
				"${PODS_ROOT}/../../node_modules/react-native-vector-icons/Fonts/MaterialIcons.ttf",
				"${PODS_ROOT}/../../node_modules/react-native-vector-icons/Fonts/Octicons.ttf",
				"${PODS_ROOT}/../../node_modules/react-native-vector-icons/Fonts/SimpleLineIcons.ttf",
				"${PODS_ROOT}/../../node_modules/react-native-vector-icons/Fonts/Zocial.ttf",
			);
			name = "[CP] Copy Pods Resources";
			outputPaths = (
				"${TARGET_BUILD_DIR}/${UNLOCALIZED_RESOURCES_FOLDER_PATH}/AntDesign.ttf",
				"${TARGET_BUILD_DIR}/${UNLOCALIZED_RESOURCES_FOLDER_PATH}/Entypo.ttf",
				"${TARGET_BUILD_DIR}/${UNLOCALIZED_RESOURCES_FOLDER_PATH}/EvilIcons.ttf",
				"${TARGET_BUILD_DIR}/${UNLOCALIZED_RESOURCES_FOLDER_PATH}/Feather.ttf",
				"${TARGET_BUILD_DIR}/${UNLOCALIZED_RESOURCES_FOLDER_PATH}/FontAwesome.ttf",
				"${TARGET_BUILD_DIR}/${UNLOCALIZED_RESOURCES_FOLDER_PATH}/FontAwesome5_Brands.ttf",
				"${TARGET_BUILD_DIR}/${UNLOCALIZED_RESOURCES_FOLDER_PATH}/FontAwesome5_Regular.ttf",
				"${TARGET_BUILD_DIR}/${UNLOCALIZED_RESOURCES_FOLDER_PATH}/FontAwesome5_Solid.ttf",
				"${TARGET_BUILD_DIR}/${UNLOCALIZED_RESOURCES_FOLDER_PATH}/Fontisto.ttf",
				"${TARGET_BUILD_DIR}/${UNLOCALIZED_RESOURCES_FOLDER_PATH}/Foundation.ttf",
				"${TARGET_BUILD_DIR}/${UNLOCALIZED_RESOURCES_FOLDER_PATH}/Ionicons.ttf",
				"${TARGET_BUILD_DIR}/${UNLOCALIZED_RESOURCES_FOLDER_PATH}/MaterialCommunityIcons.ttf",
				"${TARGET_BUILD_DIR}/${UNLOCALIZED_RESOURCES_FOLDER_PATH}/MaterialIcons.ttf",
				"${TARGET_BUILD_DIR}/${UNLOCALIZED_RESOURCES_FOLDER_PATH}/Octicons.ttf",
				"${TARGET_BUILD_DIR}/${UNLOCALIZED_RESOURCES_FOLDER_PATH}/SimpleLineIcons.ttf",
				"${TARGET_BUILD_DIR}/${UNLOCALIZED_RESOURCES_FOLDER_PATH}/Zocial.ttf",
			);
			runOnlyForDeploymentPostprocessing = 0;
			shellPath = /bin/sh;
			shellScript = "\"${PODS_ROOT}/Target Support Files/Pods-dvlabs/Pods-dvlabs-resources.sh\"\n";
			showEnvVarsInLog = 0;
		};
		2D02E4CB1E0B4B27006451C7 /* Bundle React Native Code And Images */ = {
			isa = PBXShellScriptBuildPhase;
			buildActionMask = 2147483647;
			files = (
			);
			inputPaths = (
			);
			name = "Bundle React Native Code And Images";
			outputPaths = (
			);
			runOnlyForDeploymentPostprocessing = 0;
			shellPath = /bin/sh;
			shellScript = "export NODE_BINARY=node\n../node_modules/react-native/scripts/react-native-xcode.sh";
		};
		397A65F4D6C641E5F02C465D /* [CP] Check Pods Manifest.lock */ = {
			isa = PBXShellScriptBuildPhase;
			buildActionMask = 2147483647;
			files = (
			);
			inputFileListPaths = (
			);
			inputPaths = (
				"${PODS_PODFILE_DIR_PATH}/Podfile.lock",
				"${PODS_ROOT}/Manifest.lock",
			);
			name = "[CP] Check Pods Manifest.lock";
			outputFileListPaths = (
			);
			outputPaths = (
				"$(DERIVED_FILE_DIR)/Pods-dvlabs-tvOSTests-checkManifestLockResult.txt",
			);
			runOnlyForDeploymentPostprocessing = 0;
			shellPath = /bin/sh;
			shellScript = "diff \"${PODS_PODFILE_DIR_PATH}/Podfile.lock\" \"${PODS_ROOT}/Manifest.lock\" > /dev/null\nif [ $? != 0 ] ; then\n    # print error to STDERR\n    echo \"error: The sandbox is not in sync with the Podfile.lock. Run 'pod install' or update your CocoaPods installation.\" >&2\n    exit 1\nfi\n# This output is used by Xcode 'outputs' to avoid re-running this script phase.\necho \"SUCCESS\" > \"${SCRIPT_OUTPUT_FILE_0}\"\n";
			showEnvVarsInLog = 0;
		};
		552CD1FA58FC36BC3AFAF18C /* [CP] Check Pods Manifest.lock */ = {
			isa = PBXShellScriptBuildPhase;
			buildActionMask = 2147483647;
			files = (
			);
			inputFileListPaths = (
			);
			inputPaths = (
				"${PODS_PODFILE_DIR_PATH}/Podfile.lock",
				"${PODS_ROOT}/Manifest.lock",
			);
			name = "[CP] Check Pods Manifest.lock";
			outputFileListPaths = (
			);
			outputPaths = (
				"$(DERIVED_FILE_DIR)/Pods-dvlabs-checkManifestLockResult.txt",
			);
			runOnlyForDeploymentPostprocessing = 0;
			shellPath = /bin/sh;
			shellScript = "diff \"${PODS_PODFILE_DIR_PATH}/Podfile.lock\" \"${PODS_ROOT}/Manifest.lock\" > /dev/null\nif [ $? != 0 ] ; then\n    # print error to STDERR\n    echo \"error: The sandbox is not in sync with the Podfile.lock. Run 'pod install' or update your CocoaPods installation.\" >&2\n    exit 1\nfi\n# This output is used by Xcode 'outputs' to avoid re-running this script phase.\necho \"SUCCESS\" > \"${SCRIPT_OUTPUT_FILE_0}\"\n";
			showEnvVarsInLog = 0;
		};
		582B5C90C9F248B4021D4E21 /* [CP] Check Pods Manifest.lock */ = {
			isa = PBXShellScriptBuildPhase;
			buildActionMask = 2147483647;
			files = (
			);
			inputFileListPaths = (
			);
			inputPaths = (
				"${PODS_PODFILE_DIR_PATH}/Podfile.lock",
				"${PODS_ROOT}/Manifest.lock",
			);
			name = "[CP] Check Pods Manifest.lock";
			outputFileListPaths = (
			);
			outputPaths = (
				"$(DERIVED_FILE_DIR)/Pods-dvlabs-tvOS-checkManifestLockResult.txt",
			);
			runOnlyForDeploymentPostprocessing = 0;
			shellPath = /bin/sh;
			shellScript = "diff \"${PODS_PODFILE_DIR_PATH}/Podfile.lock\" \"${PODS_ROOT}/Manifest.lock\" > /dev/null\nif [ $? != 0 ] ; then\n    # print error to STDERR\n    echo \"error: The sandbox is not in sync with the Podfile.lock. Run 'pod install' or update your CocoaPods installation.\" >&2\n    exit 1\nfi\n# This output is used by Xcode 'outputs' to avoid re-running this script phase.\necho \"SUCCESS\" > \"${SCRIPT_OUTPUT_FILE_0}\"\n";
			showEnvVarsInLog = 0;
		};
		A0FBD7F3911825044177F90E /* [CP] Check Pods Manifest.lock */ = {
			isa = PBXShellScriptBuildPhase;
			buildActionMask = 2147483647;
			files = (
			);
			inputFileListPaths = (
			);
			inputPaths = (
				"${PODS_PODFILE_DIR_PATH}/Podfile.lock",
				"${PODS_ROOT}/Manifest.lock",
			);
			name = "[CP] Check Pods Manifest.lock";
			outputFileListPaths = (
			);
			outputPaths = (
				"$(DERIVED_FILE_DIR)/Pods-dvlabs-dvlabsTests-checkManifestLockResult.txt",
			);
			runOnlyForDeploymentPostprocessing = 0;
			shellPath = /bin/sh;
			shellScript = "diff \"${PODS_PODFILE_DIR_PATH}/Podfile.lock\" \"${PODS_ROOT}/Manifest.lock\" > /dev/null\nif [ $? != 0 ] ; then\n    # print error to STDERR\n    echo \"error: The sandbox is not in sync with the Podfile.lock. Run 'pod install' or update your CocoaPods installation.\" >&2\n    exit 1\nfi\n# This output is used by Xcode 'outputs' to avoid re-running this script phase.\necho \"SUCCESS\" > \"${SCRIPT_OUTPUT_FILE_0}\"\n";
			showEnvVarsInLog = 0;
		};
		EC21EFE3783DE9B9116BA5F6 /* [CP] Copy Pods Resources */ = {
			isa = PBXShellScriptBuildPhase;
			buildActionMask = 2147483647;
			files = (
			);
			inputPaths = (
				"${PODS_ROOT}/Target Support Files/Pods-dvlabs-dvlabsTests/Pods-dvlabs-dvlabsTests-resources.sh",
				"${PODS_ROOT}/../../node_modules/react-native-vector-icons/Fonts/AntDesign.ttf",
				"${PODS_ROOT}/../../node_modules/react-native-vector-icons/Fonts/Entypo.ttf",
				"${PODS_ROOT}/../../node_modules/react-native-vector-icons/Fonts/EvilIcons.ttf",
				"${PODS_ROOT}/../../node_modules/react-native-vector-icons/Fonts/Feather.ttf",
				"${PODS_ROOT}/../../node_modules/react-native-vector-icons/Fonts/FontAwesome.ttf",
				"${PODS_ROOT}/../../node_modules/react-native-vector-icons/Fonts/FontAwesome5_Brands.ttf",
				"${PODS_ROOT}/../../node_modules/react-native-vector-icons/Fonts/FontAwesome5_Regular.ttf",
				"${PODS_ROOT}/../../node_modules/react-native-vector-icons/Fonts/FontAwesome5_Solid.ttf",
				"${PODS_ROOT}/../../node_modules/react-native-vector-icons/Fonts/Fontisto.ttf",
				"${PODS_ROOT}/../../node_modules/react-native-vector-icons/Fonts/Foundation.ttf",
				"${PODS_ROOT}/../../node_modules/react-native-vector-icons/Fonts/Ionicons.ttf",
				"${PODS_ROOT}/../../node_modules/react-native-vector-icons/Fonts/MaterialCommunityIcons.ttf",
				"${PODS_ROOT}/../../node_modules/react-native-vector-icons/Fonts/MaterialIcons.ttf",
				"${PODS_ROOT}/../../node_modules/react-native-vector-icons/Fonts/Octicons.ttf",
				"${PODS_ROOT}/../../node_modules/react-native-vector-icons/Fonts/SimpleLineIcons.ttf",
				"${PODS_ROOT}/../../node_modules/react-native-vector-icons/Fonts/Zocial.ttf",
			);
			name = "[CP] Copy Pods Resources";
			outputPaths = (
				"${TARGET_BUILD_DIR}/${UNLOCALIZED_RESOURCES_FOLDER_PATH}/AntDesign.ttf",
				"${TARGET_BUILD_DIR}/${UNLOCALIZED_RESOURCES_FOLDER_PATH}/Entypo.ttf",
				"${TARGET_BUILD_DIR}/${UNLOCALIZED_RESOURCES_FOLDER_PATH}/EvilIcons.ttf",
				"${TARGET_BUILD_DIR}/${UNLOCALIZED_RESOURCES_FOLDER_PATH}/Feather.ttf",
				"${TARGET_BUILD_DIR}/${UNLOCALIZED_RESOURCES_FOLDER_PATH}/FontAwesome.ttf",
				"${TARGET_BUILD_DIR}/${UNLOCALIZED_RESOURCES_FOLDER_PATH}/FontAwesome5_Brands.ttf",
				"${TARGET_BUILD_DIR}/${UNLOCALIZED_RESOURCES_FOLDER_PATH}/FontAwesome5_Regular.ttf",
				"${TARGET_BUILD_DIR}/${UNLOCALIZED_RESOURCES_FOLDER_PATH}/FontAwesome5_Solid.ttf",
				"${TARGET_BUILD_DIR}/${UNLOCALIZED_RESOURCES_FOLDER_PATH}/Fontisto.ttf",
				"${TARGET_BUILD_DIR}/${UNLOCALIZED_RESOURCES_FOLDER_PATH}/Foundation.ttf",
				"${TARGET_BUILD_DIR}/${UNLOCALIZED_RESOURCES_FOLDER_PATH}/Ionicons.ttf",
				"${TARGET_BUILD_DIR}/${UNLOCALIZED_RESOURCES_FOLDER_PATH}/MaterialCommunityIcons.ttf",
				"${TARGET_BUILD_DIR}/${UNLOCALIZED_RESOURCES_FOLDER_PATH}/MaterialIcons.ttf",
				"${TARGET_BUILD_DIR}/${UNLOCALIZED_RESOURCES_FOLDER_PATH}/Octicons.ttf",
				"${TARGET_BUILD_DIR}/${UNLOCALIZED_RESOURCES_FOLDER_PATH}/SimpleLineIcons.ttf",
				"${TARGET_BUILD_DIR}/${UNLOCALIZED_RESOURCES_FOLDER_PATH}/Zocial.ttf",
			);
			runOnlyForDeploymentPostprocessing = 0;
			shellPath = /bin/sh;
			shellScript = "\"${PODS_ROOT}/Target Support Files/Pods-dvlabs-dvlabsTests/Pods-dvlabs-dvlabsTests-resources.sh\"\n";
			showEnvVarsInLog = 0;
		};
		FD10A7F022414F080027D42C /* Start Packager */ = {
			isa = PBXShellScriptBuildPhase;
			buildActionMask = 2147483647;
			files = (
			);
			inputFileListPaths = (
			);
			inputPaths = (
			);
			name = "Start Packager";
			outputFileListPaths = (
			);
			outputPaths = (
			);
			runOnlyForDeploymentPostprocessing = 0;
			shellPath = /bin/sh;
			shellScript = "export RCT_METRO_PORT=\"${RCT_METRO_PORT:=8081}\"\necho \"export RCT_METRO_PORT=${RCT_METRO_PORT}\" > \"${SRCROOT}/../node_modules/react-native/scripts/.packager.env\"\nif [ -z \"${RCT_NO_LAUNCH_PACKAGER+xxx}\" ] ; then\n  if nc -w 5 -z localhost ${RCT_METRO_PORT} ; then\n    if ! curl -s \"http://localhost:${RCT_METRO_PORT}/status\" | grep -q \"packager-status:running\" ; then\n      echo \"Port ${RCT_METRO_PORT} already in use, packager is either not running or not running correctly\"\n      exit 2\n    fi\n  else\n    open \"$SRCROOT/../node_modules/react-native/scripts/launchPackager.command\" || echo \"Can't start packager automatically\"\n  fi\nfi\n";
			showEnvVarsInLog = 0;
		};
		FD10A7F122414F3F0027D42C /* Start Packager */ = {
			isa = PBXShellScriptBuildPhase;
			buildActionMask = 2147483647;
			files = (
			);
			inputFileListPaths = (
			);
			inputPaths = (
			);
			name = "Start Packager";
			outputFileListPaths = (
			);
			outputPaths = (
			);
			runOnlyForDeploymentPostprocessing = 0;
			shellPath = /bin/sh;
			shellScript = "export RCT_METRO_PORT=\"${RCT_METRO_PORT:=8081}\"\necho \"export RCT_METRO_PORT=${RCT_METRO_PORT}\" > \"${SRCROOT}/../node_modules/react-native/scripts/.packager.env\"\nif [ -z \"${RCT_NO_LAUNCH_PACKAGER+xxx}\" ] ; then\n  if nc -w 5 -z localhost ${RCT_METRO_PORT} ; then\n    if ! curl -s \"http://localhost:${RCT_METRO_PORT}/status\" | grep -q \"packager-status:running\" ; then\n      echo \"Port ${RCT_METRO_PORT} already in use, packager is either not running or not running correctly\"\n      exit 2\n    fi\n  else\n    open \"$SRCROOT/../node_modules/react-native/scripts/launchPackager.command\" || echo \"Can't start packager automatically\"\n  fi\nfi\n";
			showEnvVarsInLog = 0;
		};
/* End PBXShellScriptBuildPhase section */

/* Begin PBXSourcesBuildPhase section */
		00E356EA1AD99517003FC87E /* Sources */ = {
			isa = PBXSourcesBuildPhase;
			buildActionMask = 2147483647;
			files = (
				00E356F31AD99517003FC87E /* dvlabsTests.m in Sources */,
			);
			runOnlyForDeploymentPostprocessing = 0;
		};
		13B07F871A680F5B00A75B9A /* Sources */ = {
			isa = PBXSourcesBuildPhase;
			buildActionMask = 2147483647;
			files = (
				13B07FBC1A68108700A75B9A /* AppDelegate.m in Sources */,
				13B07FC11A68108700A75B9A /* main.m in Sources */,
			);
			runOnlyForDeploymentPostprocessing = 0;
		};
		2D02E4771E0B4A5D006451C7 /* Sources */ = {
			isa = PBXSourcesBuildPhase;
			buildActionMask = 2147483647;
			files = (
				2D02E4BF1E0B4AB3006451C7 /* main.m in Sources */,
				2D02E4BC1E0B4A80006451C7 /* AppDelegate.m in Sources */,
			);
			runOnlyForDeploymentPostprocessing = 0;
		};
		2D02E48C1E0B4A5D006451C7 /* Sources */ = {
			isa = PBXSourcesBuildPhase;
			buildActionMask = 2147483647;
			files = (
				2DCD954D1E0B4F2C00145EB5 /* dvlabsTests.m in Sources */,
			);
			runOnlyForDeploymentPostprocessing = 0;
		};
/* End PBXSourcesBuildPhase section */

/* Begin PBXTargetDependency section */
		00E356F51AD99517003FC87E /* PBXTargetDependency */ = {
			isa = PBXTargetDependency;
			target = 13B07F861A680F5B00A75B9A /* dvlabs */;
			targetProxy = 00E356F41AD99517003FC87E /* PBXContainerItemProxy */;
		};
		2D02E4921E0B4A5D006451C7 /* PBXTargetDependency */ = {
			isa = PBXTargetDependency;
			target = 2D02E47A1E0B4A5D006451C7 /* dvlabs-tvOS */;
			targetProxy = 2D02E4911E0B4A5D006451C7 /* PBXContainerItemProxy */;
		};
/* End PBXTargetDependency section */

/* Begin PBXVariantGroup section */
		13B07FB11A68108700A75B9A /* LaunchScreen.xib */ = {
			isa = PBXVariantGroup;
			children = (
				13B07FB21A68108700A75B9A /* Base */,
			);
			name = LaunchScreen.xib;
			path = dvlabs;
			sourceTree = "<group>";
		};
/* End PBXVariantGroup section */

/* Begin XCBuildConfiguration section */
		00E356F61AD99517003FC87E /* Debug */ = {
			isa = XCBuildConfiguration;
			baseConfigurationReference = 43004F131EB35B43F98FFAE9 /* Pods-dvlabs-dvlabsTests.debug.xcconfig */;
			buildSettings = {
				BUNDLE_LOADER = "$(TEST_HOST)";
				GCC_PREPROCESSOR_DEFINITIONS = (
					"DEBUG=1",
					"$(inherited)",
				);
				INFOPLIST_FILE = dvlabsTests/Info.plist;
				IPHONEOS_DEPLOYMENT_TARGET = 9.0;
				LD_RUNPATH_SEARCH_PATHS = "$(inherited) @executable_path/Frameworks @loader_path/Frameworks";
				OTHER_LDFLAGS = (
					"-ObjC",
					"-lc++",
					"$(inherited)",
				);
				PRODUCT_BUNDLE_IDENTIFIER = "org.reactjs.native.example.$(PRODUCT_NAME:rfc1034identifier)";
				PRODUCT_NAME = "$(TARGET_NAME)";
				TEST_HOST = "$(BUILT_PRODUCTS_DIR)/dvlabs.app/dvlabs";
			};
			name = Debug;
		};
		00E356F71AD99517003FC87E /* Release */ = {
			isa = XCBuildConfiguration;
			baseConfigurationReference = B27E55F16CCA16A60AA4E2A1 /* Pods-dvlabs-dvlabsTests.release.xcconfig */;
			buildSettings = {
				BUNDLE_LOADER = "$(TEST_HOST)";
				COPY_PHASE_STRIP = NO;
				INFOPLIST_FILE = dvlabsTests/Info.plist;
				IPHONEOS_DEPLOYMENT_TARGET = 9.0;
				LD_RUNPATH_SEARCH_PATHS = "$(inherited) @executable_path/Frameworks @loader_path/Frameworks";
				OTHER_LDFLAGS = (
					"-ObjC",
					"-lc++",
					"$(inherited)",
				);
				PRODUCT_BUNDLE_IDENTIFIER = "org.reactjs.native.example.$(PRODUCT_NAME:rfc1034identifier)";
				PRODUCT_NAME = "$(TARGET_NAME)";
				TEST_HOST = "$(BUILT_PRODUCTS_DIR)/dvlabs.app/dvlabs";
			};
			name = Release;
		};
		13B07F941A680F5B00A75B9A /* Debug */ = {
			isa = XCBuildConfiguration;
			baseConfigurationReference = 6C2F036AD4C2B73CA02E42B3 /* Pods-dvlabs.debug.xcconfig */;
			buildSettings = {
				ASSETCATALOG_COMPILER_APPICON_NAME = AppIcon;
				CLANG_ENABLE_MODULES = YES;
				CURRENT_PROJECT_VERSION = 1;
				ENABLE_BITCODE = NO;
				GCC_PREPROCESSOR_DEFINITIONS = (
					"$(inherited)",
					"FB_SONARKIT_ENABLED=1",
				);
				INFOPLIST_FILE = dvlabs/Info.plist;
				LD_RUNPATH_SEARCH_PATHS = "$(inherited) @executable_path/Frameworks";
				OTHER_LDFLAGS = (
					"$(inherited)",
					"-ObjC",
					"-lc++",
				);
				PRODUCT_BUNDLE_IDENTIFIER = "org.reactjs.native.example.$(PRODUCT_NAME:rfc1034identifier)";
				PRODUCT_NAME = dvlabs;
				SWIFT_OPTIMIZATION_LEVEL = "-Onone";
				SWIFT_VERSION = 5.0;
				VERSIONING_SYSTEM = "apple-generic";
			};
			name = Debug;
		};
		13B07F951A680F5B00A75B9A /* Release */ = {
			isa = XCBuildConfiguration;
			baseConfigurationReference = E069C409260D7F3841C37F87 /* Pods-dvlabs.release.xcconfig */;
			buildSettings = {
				ASSETCATALOG_COMPILER_APPICON_NAME = AppIcon;
				CLANG_ENABLE_MODULES = YES;
				CURRENT_PROJECT_VERSION = 1;
				INFOPLIST_FILE = dvlabs/Info.plist;
				LD_RUNPATH_SEARCH_PATHS = "$(inherited) @executable_path/Frameworks";
				OTHER_LDFLAGS = (
					"$(inherited)",
					"-ObjC",
					"-lc++",
				);
				PRODUCT_BUNDLE_IDENTIFIER = "org.reactjs.native.example.$(PRODUCT_NAME:rfc1034identifier)";
				PRODUCT_NAME = dvlabs;
				SWIFT_VERSION = 5.0;
				VERSIONING_SYSTEM = "apple-generic";
			};
			name = Release;
		};
		2D02E4971E0B4A5E006451C7 /* Debug */ = {
			isa = XCBuildConfiguration;
			baseConfigurationReference = CA2EE50BA541A8391E3E009A /* Pods-dvlabs-tvOS.debug.xcconfig */;
			buildSettings = {
				ASSETCATALOG_COMPILER_APPICON_NAME = "App Icon & Top Shelf Image";
				ASSETCATALOG_COMPILER_LAUNCHIMAGE_NAME = LaunchImage;
				CLANG_ANALYZER_NONNULL = YES;
				CLANG_WARN_DOCUMENTATION_COMMENTS = YES;
				CLANG_WARN_INFINITE_RECURSION = YES;
				CLANG_WARN_SUSPICIOUS_MOVE = YES;
				DEBUG_INFORMATION_FORMAT = dwarf;
				ENABLE_TESTABILITY = YES;
				GCC_NO_COMMON_BLOCKS = YES;
				INFOPLIST_FILE = "dvlabs-tvOS/Info.plist";
				LD_RUNPATH_SEARCH_PATHS = "$(inherited) @executable_path/Frameworks";
				OTHER_LDFLAGS = (
					"$(inherited)",
					"-ObjC",
					"-lc++",
				);
				PRODUCT_BUNDLE_IDENTIFIER = "org.reactjs.native.example.dvlabs-tvOS";
				PRODUCT_NAME = "$(TARGET_NAME)";
				SDKROOT = appletvos;
				TARGETED_DEVICE_FAMILY = 3;
				TVOS_DEPLOYMENT_TARGET = 9.2;
			};
			name = Debug;
		};
		2D02E4981E0B4A5E006451C7 /* Release */ = {
			isa = XCBuildConfiguration;
			baseConfigurationReference = 6F449050505B1495338892A6 /* Pods-dvlabs-tvOS.release.xcconfig */;
			buildSettings = {
				ASSETCATALOG_COMPILER_APPICON_NAME = "App Icon & Top Shelf Image";
				ASSETCATALOG_COMPILER_LAUNCHIMAGE_NAME = LaunchImage;
				CLANG_ANALYZER_NONNULL = YES;
				CLANG_WARN_DOCUMENTATION_COMMENTS = YES;
				CLANG_WARN_INFINITE_RECURSION = YES;
				CLANG_WARN_SUSPICIOUS_MOVE = YES;
				COPY_PHASE_STRIP = NO;
				DEBUG_INFORMATION_FORMAT = "dwarf-with-dsym";
				GCC_NO_COMMON_BLOCKS = YES;
				INFOPLIST_FILE = "dvlabs-tvOS/Info.plist";
				LD_RUNPATH_SEARCH_PATHS = "$(inherited) @executable_path/Frameworks";
				OTHER_LDFLAGS = (
					"$(inherited)",
					"-ObjC",
					"-lc++",
				);
				PRODUCT_BUNDLE_IDENTIFIER = "org.reactjs.native.example.dvlabs-tvOS";
				PRODUCT_NAME = "$(TARGET_NAME)";
				SDKROOT = appletvos;
				TARGETED_DEVICE_FAMILY = 3;
				TVOS_DEPLOYMENT_TARGET = 9.2;
			};
			name = Release;
		};
		2D02E4991E0B4A5E006451C7 /* Debug */ = {
			isa = XCBuildConfiguration;
			baseConfigurationReference = 7A5FA25C504B01176017CFA4 /* Pods-dvlabs-tvOSTests.debug.xcconfig */;
			buildSettings = {
				BUNDLE_LOADER = "$(TEST_HOST)";
				CLANG_ANALYZER_NONNULL = YES;
				CLANG_WARN_DOCUMENTATION_COMMENTS = YES;
				CLANG_WARN_INFINITE_RECURSION = YES;
				CLANG_WARN_SUSPICIOUS_MOVE = YES;
				DEBUG_INFORMATION_FORMAT = dwarf;
				ENABLE_TESTABILITY = YES;
				GCC_NO_COMMON_BLOCKS = YES;
				INFOPLIST_FILE = "dvlabs-tvOSTests/Info.plist";
				LD_RUNPATH_SEARCH_PATHS = "$(inherited) @executable_path/Frameworks @loader_path/Frameworks";
				OTHER_LDFLAGS = (
					"$(inherited)",
					"-ObjC",
					"-lc++",
				);
				PRODUCT_BUNDLE_IDENTIFIER = "org.reactjs.native.example.dvlabs-tvOSTests";
				PRODUCT_NAME = "$(TARGET_NAME)";
				SDKROOT = appletvos;
				TEST_HOST = "$(BUILT_PRODUCTS_DIR)/dvlabs-tvOS.app/dvlabs-tvOS";
				TVOS_DEPLOYMENT_TARGET = 10.1;
			};
			name = Debug;
		};
		2D02E49A1E0B4A5E006451C7 /* Release */ = {
			isa = XCBuildConfiguration;
			baseConfigurationReference = 39B7A271BB64B41366674D23 /* Pods-dvlabs-tvOSTests.release.xcconfig */;
			buildSettings = {
				BUNDLE_LOADER = "$(TEST_HOST)";
				CLANG_ANALYZER_NONNULL = YES;
				CLANG_WARN_DOCUMENTATION_COMMENTS = YES;
				CLANG_WARN_INFINITE_RECURSION = YES;
				CLANG_WARN_SUSPICIOUS_MOVE = YES;
				COPY_PHASE_STRIP = NO;
				DEBUG_INFORMATION_FORMAT = "dwarf-with-dsym";
				GCC_NO_COMMON_BLOCKS = YES;
				INFOPLIST_FILE = "dvlabs-tvOSTests/Info.plist";
				LD_RUNPATH_SEARCH_PATHS = "$(inherited) @executable_path/Frameworks @loader_path/Frameworks";
				OTHER_LDFLAGS = (
					"$(inherited)",
					"-ObjC",
					"-lc++",
				);
				PRODUCT_BUNDLE_IDENTIFIER = "org.reactjs.native.example.dvlabs-tvOSTests";
				PRODUCT_NAME = "$(TARGET_NAME)";
				SDKROOT = appletvos;
				TEST_HOST = "$(BUILT_PRODUCTS_DIR)/dvlabs-tvOS.app/dvlabs-tvOS";
				TVOS_DEPLOYMENT_TARGET = 10.1;
			};
			name = Release;
		};
		83CBBA201A601CBA00E9B192 /* Debug */ = {
			isa = XCBuildConfiguration;
			buildSettings = {
				ALWAYS_SEARCH_USER_PATHS = NO;
				CLANG_ANALYZER_LOCALIZABILITY_NONLOCALIZED = YES;
				CLANG_CXX_LANGUAGE_STANDARD = "gnu++0x";
				CLANG_CXX_LIBRARY = "libc++";
				CLANG_ENABLE_MODULES = YES;
				CLANG_ENABLE_OBJC_ARC = YES;
				CLANG_WARN_BLOCK_CAPTURE_AUTORELEASING = YES;
				CLANG_WARN_BOOL_CONVERSION = YES;
				CLANG_WARN_COMMA = YES;
				CLANG_WARN_CONSTANT_CONVERSION = YES;
				CLANG_WARN_DEPRECATED_OBJC_IMPLEMENTATIONS = YES;
				CLANG_WARN_DIRECT_OBJC_ISA_USAGE = YES_ERROR;
				CLANG_WARN_EMPTY_BODY = YES;
				CLANG_WARN_ENUM_CONVERSION = YES;
				CLANG_WARN_INFINITE_RECURSION = YES;
				CLANG_WARN_INT_CONVERSION = YES;
				CLANG_WARN_NON_LITERAL_NULL_CONVERSION = YES;
				CLANG_WARN_OBJC_IMPLICIT_RETAIN_SELF = YES;
				CLANG_WARN_OBJC_LITERAL_CONVERSION = YES;
				CLANG_WARN_OBJC_ROOT_CLASS = YES_ERROR;
				CLANG_WARN_RANGE_LOOP_ANALYSIS = YES;
				CLANG_WARN_STRICT_PROTOTYPES = YES;
				CLANG_WARN_SUSPICIOUS_MOVE = YES;
				CLANG_WARN_UNREACHABLE_CODE = YES;
				CLANG_WARN__DUPLICATE_METHOD_MATCH = YES;
				"CODE_SIGN_IDENTITY[sdk=iphoneos*]" = "iPhone Developer";
				COPY_PHASE_STRIP = NO;
				ENABLE_STRICT_OBJC_MSGSEND = YES;
				ENABLE_TESTABILITY = YES;
				GCC_C_LANGUAGE_STANDARD = gnu99;
				GCC_DYNAMIC_NO_PIC = NO;
				GCC_NO_COMMON_BLOCKS = YES;
				GCC_OPTIMIZATION_LEVEL = 0;
				GCC_PREPROCESSOR_DEFINITIONS = (
					"DEBUG=1",
					"$(inherited)",
				);
				GCC_SYMBOLS_PRIVATE_EXTERN = NO;
				GCC_WARN_64_TO_32_BIT_CONVERSION = YES;
				GCC_WARN_ABOUT_RETURN_TYPE = YES_ERROR;
				GCC_WARN_UNDECLARED_SELECTOR = YES;
				GCC_WARN_UNINITIALIZED_AUTOS = YES_AGGRESSIVE;
				GCC_WARN_UNUSED_FUNCTION = YES;
				GCC_WARN_UNUSED_VARIABLE = YES;
				IPHONEOS_DEPLOYMENT_TARGET = 9.0;
				LD_RUNPATH_SEARCH_PATHS = "/usr/lib/swift $(inherited)";
				LIBRARY_SEARCH_PATHS = (
					"\"$(TOOLCHAIN_DIR)/usr/lib/swift/$(PLATFORM_NAME)\"",
					"\"$(TOOLCHAIN_DIR)/usr/lib/swift-5.0/$(PLATFORM_NAME)\"",
					"\"$(inherited)\"",
				);
				MTL_ENABLE_DEBUG_INFO = YES;
				ONLY_ACTIVE_ARCH = YES;
				SDKROOT = iphoneos;
			};
			name = Debug;
		};
		83CBBA211A601CBA00E9B192 /* Release */ = {
			isa = XCBuildConfiguration;
			buildSettings = {
				ALWAYS_SEARCH_USER_PATHS = NO;
				CLANG_ANALYZER_LOCALIZABILITY_NONLOCALIZED = YES;
				CLANG_CXX_LANGUAGE_STANDARD = "gnu++0x";
				CLANG_CXX_LIBRARY = "libc++";
				CLANG_ENABLE_MODULES = YES;
				CLANG_ENABLE_OBJC_ARC = YES;
				CLANG_WARN_BLOCK_CAPTURE_AUTORELEASING = YES;
				CLANG_WARN_BOOL_CONVERSION = YES;
				CLANG_WARN_COMMA = YES;
				CLANG_WARN_CONSTANT_CONVERSION = YES;
				CLANG_WARN_DEPRECATED_OBJC_IMPLEMENTATIONS = YES;
				CLANG_WARN_DIRECT_OBJC_ISA_USAGE = YES_ERROR;
				CLANG_WARN_EMPTY_BODY = YES;
				CLANG_WARN_ENUM_CONVERSION = YES;
				CLANG_WARN_INFINITE_RECURSION = YES;
				CLANG_WARN_INT_CONVERSION = YES;
				CLANG_WARN_NON_LITERAL_NULL_CONVERSION = YES;
				CLANG_WARN_OBJC_IMPLICIT_RETAIN_SELF = YES;
				CLANG_WARN_OBJC_LITERAL_CONVERSION = YES;
				CLANG_WARN_OBJC_ROOT_CLASS = YES_ERROR;
				CLANG_WARN_RANGE_LOOP_ANALYSIS = YES;
				CLANG_WARN_STRICT_PROTOTYPES = YES;
				CLANG_WARN_SUSPICIOUS_MOVE = YES;
				CLANG_WARN_UNREACHABLE_CODE = YES;
				CLANG_WARN__DUPLICATE_METHOD_MATCH = YES;
				"CODE_SIGN_IDENTITY[sdk=iphoneos*]" = "iPhone Developer";
				COPY_PHASE_STRIP = YES;
				ENABLE_NS_ASSERTIONS = NO;
				ENABLE_STRICT_OBJC_MSGSEND = YES;
				GCC_C_LANGUAGE_STANDARD = gnu99;
				GCC_NO_COMMON_BLOCKS = YES;
				GCC_WARN_64_TO_32_BIT_CONVERSION = YES;
				GCC_WARN_ABOUT_RETURN_TYPE = YES_ERROR;
				GCC_WARN_UNDECLARED_SELECTOR = YES;
				GCC_WARN_UNINITIALIZED_AUTOS = YES_AGGRESSIVE;
				GCC_WARN_UNUSED_FUNCTION = YES;
				GCC_WARN_UNUSED_VARIABLE = YES;
				IPHONEOS_DEPLOYMENT_TARGET = 9.0;
				LD_RUNPATH_SEARCH_PATHS = "/usr/lib/swift $(inherited)";
				LIBRARY_SEARCH_PATHS = (
					"\"$(TOOLCHAIN_DIR)/usr/lib/swift/$(PLATFORM_NAME)\"",
					"\"$(TOOLCHAIN_DIR)/usr/lib/swift-5.0/$(PLATFORM_NAME)\"",
					"\"$(inherited)\"",
				);
				MTL_ENABLE_DEBUG_INFO = NO;
				SDKROOT = iphoneos;
				VALIDATE_PRODUCT = YES;
			};
			name = Release;
		};
/* End XCBuildConfiguration section */

/* Begin XCConfigurationList section */
		00E357021AD99517003FC87E /* Build configuration list for PBXNativeTarget "dvlabsTests" */ = {
			isa = XCConfigurationList;
			buildConfigurations = (
				00E356F61AD99517003FC87E /* Debug */,
				00E356F71AD99517003FC87E /* Release */,
			);
			defaultConfigurationIsVisible = 0;
			defaultConfigurationName = Release;
		};
		13B07F931A680F5B00A75B9A /* Build configuration list for PBXNativeTarget "dvlabs" */ = {
			isa = XCConfigurationList;
			buildConfigurations = (
				13B07F941A680F5B00A75B9A /* Debug */,
				13B07F951A680F5B00A75B9A /* Release */,
			);
			defaultConfigurationIsVisible = 0;
			defaultConfigurationName = Release;
		};
		2D02E4BA1E0B4A5E006451C7 /* Build configuration list for PBXNativeTarget "dvlabs-tvOS" */ = {
			isa = XCConfigurationList;
			buildConfigurations = (
				2D02E4971E0B4A5E006451C7 /* Debug */,
				2D02E4981E0B4A5E006451C7 /* Release */,
			);
			defaultConfigurationIsVisible = 0;
			defaultConfigurationName = Release;
		};
		2D02E4BB1E0B4A5E006451C7 /* Build configuration list for PBXNativeTarget "dvlabs-tvOSTests" */ = {
			isa = XCConfigurationList;
			buildConfigurations = (
				2D02E4991E0B4A5E006451C7 /* Debug */,
				2D02E49A1E0B4A5E006451C7 /* Release */,
			);
			defaultConfigurationIsVisible = 0;
			defaultConfigurationName = Release;
		};
		83CBB9FA1A601CBA00E9B192 /* Build configuration list for PBXProject "dvlabs" */ = {
			isa = XCConfigurationList;
			buildConfigurations = (
				83CBBA201A601CBA00E9B192 /* Debug */,
				83CBBA211A601CBA00E9B192 /* Release */,
			);
			defaultConfigurationIsVisible = 0;
			defaultConfigurationName = Release;
		};
/* End XCConfigurationList section */
	};
	rootObject = 83CBB9F71A601CBA00E9B192 /* Project object */;
}
